
Microsoft Visual Studio Solution File, Format Version 12.00
# Visual Studio Version 16
VisualStudioVersion = 16.0.29709.97
MinimumVisualStudioVersion = 10.0.40219.1
Project("{9A19103F-16F7-4668-BE54-9A1E7A4F7556}") = "AuthServer.Core", "AuthServer.Core\AuthServer.Core.csproj", "{4D7E0C8E-A95B-4E43-B46E-362F57940581}"
EndProject
Project("{9A19103F-16F7-4668-BE54-9A1E7A4F7556}") = "AuthServer.Console", "AuthServer.Console\AuthServer.Console.csproj", "{17907D25-299D-4F43-A605-AD58A0D6EF7D}"
EndProject
Project("{9A19103F-16F7-4668-BE54-9A1E7A4F7556}") = "AuthServer.WindowsService", "AuthServer.WindowsService\AuthServer.WindowsService.csproj", "{4D05CE36-2AEE-4530-8040-D5D27AFDADA5}"
EndProject
Project("{9A19103F-16F7-4668-BE54-9A1E7A4F7556}") = "AuthServer.GUI", "AuthServer.GUI\AuthServer.GUI.csproj", "{C30B39EE-3A00-4A03-9557-7ECC7AE9F821}"
EndProject
Project("{9A19103F-16F7-4668-BE54-9A1E7A4F7556}") = "TaskDialog", "TaskDialog\TaskDialog\TaskDialog.csproj", "{F083266D-F986-475B-B91F-B6CDAD064CD7}"
EndProject
Project("{930C7802-8A8C-48F9-8165-68863BCCD9DD}") = "AuthServer.Installer", "AuthServer.Installer\AuthServer.Installer.wixproj", "{6CB9BFC8-B73D-487B-971A-AB6E8FEAC64B}"
EndProject
Global
	GlobalSection(SolutionConfigurationPlatforms) = preSolution
		Debug|Any CPU = Debug|Any CPU
		Debug|x64 = Debug|x64
		Release|Any CPU = Release|Any CPU
		Release|x64 = Release|x64
	EndGlobalSection
	GlobalSection(ProjectConfigurationPlatforms) = postSolution
		{4D7E0C8E-A95B-4E43-B46E-362F57940581}.Debug|Any CPU.ActiveCfg = Debug|Any CPU
		{4D7E0C8E-A95B-4E43-B46E-362F57940581}.Debug|Any CPU.Build.0 = Debug|Any CPU
		{4D7E0C8E-A95B-4E43-B46E-362F57940581}.Debug|x64.ActiveCfg = Debug|x64
		{4D7E0C8E-A95B-4E43-B46E-362F57940581}.Debug|x64.Build.0 = Debug|x64
		{4D7E0C8E-A95B-4E43-B46E-362F57940581}.Release|Any CPU.ActiveCfg = Release|Any CPU
		{4D7E0C8E-A95B-4E43-B46E-362F57940581}.Release|Any CPU.Build.0 = Release|Any CPU
		{4D7E0C8E-A95B-4E43-B46E-362F57940581}.Release|x64.ActiveCfg = Release|x64
		{4D7E0C8E-A95B-4E43-B46E-362F57940581}.Release|x64.Build.0 = Release|x64
		{17907D25-299D-4F43-A605-AD58A0D6EF7D}.Debug|Any CPU.ActiveCfg = Debug|Any CPU
		{17907D25-299D-4F43-A605-AD58A0D6EF7D}.Debug|Any CPU.Build.0 = Debug|Any CPU
		{17907D25-299D-4F43-A605-AD58A0D6EF7D}.Debug|x64.ActiveCfg = Debug|x64
		{17907D25-299D-4F43-A605-AD58A0D6EF7D}.Debug|x64.Build.0 = Debug|x64
		{17907D25-299D-4F43-A605-AD58A0D6EF7D}.Release|Any CPU.ActiveCfg = Release|Any CPU
		{17907D25-299D-4F43-A605-AD58A0D6EF7D}.Release|Any CPU.Build.0 = Release|Any CPU
		{17907D25-299D-4F43-A605-AD58A0D6EF7D}.Release|x64.ActiveCfg = Release|x64
		{17907D25-299D-4F43-A605-AD58A0D6EF7D}.Release|x64.Build.0 = Release|x64
		{4D05CE36-2AEE-4530-8040-D5D27AFDADA5}.Debug|Any CPU.ActiveCfg = Debug|Any CPU
		{4D05CE36-2AEE-4530-8040-D5D27AFDADA5}.Debug|Any CPU.Build.0 = Debug|Any CPU
		{4D05CE36-2AEE-4530-8040-D5D27AFDADA5}.Debug|x64.ActiveCfg = Debug|x64
		{4D05CE36-2AEE-4530-8040-D5D27AFDADA5}.Debug|x64.Build.0 = Debug|x64
		{4D05CE36-2AEE-4530-8040-D5D27AFDADA5}.Release|Any CPU.ActiveCfg = Release|Any CPU
		{4D05CE36-2AEE-4530-8040-D5D27AFDADA5}.Release|Any CPU.Build.0 = Release|Any CPU
		{4D05CE36-2AEE-4530-8040-D5D27AFDADA5}.Release|x64.ActiveCfg = Release|x64
		{4D05CE36-2AEE-4530-8040-D5D27AFDADA5}.Release|x64.Build.0 = Release|x64
		{C30B39EE-3A00-4A03-9557-7ECC7AE9F821}.Debug|Any CPU.ActiveCfg = Debug|Any CPU
		{C30B39EE-3A00-4A03-9557-7ECC7AE9F821}.Debug|Any CPU.Build.0 = Debug|Any CPU
		{C30B39EE-3A00-4A03-9557-7ECC7AE9F821}.Debug|x64.ActiveCfg = Debug|x64
		{C30B39EE-3A00-4A03-9557-7ECC7AE9F821}.Debug|x64.Build.0 = Debug|x64
		{C30B39EE-3A00-4A03-9557-7ECC7AE9F821}.Release|Any CPU.ActiveCfg = Release|Any CPU
		{C30B39EE-3A00-4A03-9557-7ECC7AE9F821}.Release|Any CPU.Build.0 = Release|Any CPU
		{C30B39EE-3A00-4A03-9557-7ECC7AE9F821}.Release|x64.ActiveCfg = Release|x64
		{C30B39EE-3A00-4A03-9557-7ECC7AE9F821}.Release|x64.Build.0 = Release|x64
		{F083266D-F986-475B-B91F-B6CDAD064CD7}.Debug|Any CPU.ActiveCfg = Debug|Any CPU
		{F083266D-F986-475B-B91F-B6CDAD064CD7}.Debug|Any CPU.Build.0 = Debug|Any CPU
		{F083266D-F986-475B-B91F-B6CDAD064CD7}.Debug|x64.ActiveCfg = Debug|Any CPU
		{F083266D-F986-475B-B91F-B6CDAD064CD7}.Debug|x64.Build.0 = Debug|Any CPU
		{F083266D-F986-475B-B91F-B6CDAD064CD7}.Release|Any CPU.ActiveCfg = Release|Any CPU
		{F083266D-F986-475B-B91F-B6CDAD064CD7}.Release|Any CPU.Build.0 = Release|Any CPU
		{F083266D-F986-475B-B91F-B6CDAD064CD7}.Release|x64.ActiveCfg = Release|Any CPU
		{F083266D-F986-475B-B91F-B6CDAD064CD7}.Release|x64.Build.0 = Release|Any CPU
		{6CB9BFC8-B73D-487B-971A-AB6E8FEAC64B}.Debug|Any CPU.ActiveCfg = Debug|x64
		{6CB9BFC8-B73D-487B-971A-AB6E8FEAC64B}.Debug|x64.ActiveCfg = Debug|x64
		{6CB9BFC8-B73D-487B-971A-AB6E8FEAC64B}.Debug|x64.Build.0 = Debug|x64
		{6CB9BFC8-B73D-487B-971A-AB6E8FEAC64B}.Release|Any CPU.ActiveCfg = Release|x64
		{6CB9BFC8-B73D-487B-971A-AB6E8FEAC64B}.Release|x64.ActiveCfg = Release|x64
	EndGlobalSection
	GlobalSection(SolutionProperties) = preSolution
		HideSolutionNode = FALSE
	EndGlobalSection
	GlobalSection(ExtensibilityGlobals) = postSolution
		SolutionGuid = {BA891B06-48F1-438D-916C-9C8A6973370F}
	EndGlobalSection
EndGlobal
